// !$*UTF8*$!
{
	archiveVersion = 1;
	classes = {
	};
	objectVersion = 50;
	objects = {

/* Begin PBXBuildFile section */
		A0EA9DA722AD5578004F32C4 /* AppDelegate.m in Sources */ = {isa = PBXBuildFile; fileRef = A0EA9DA622AD5578004F32C4 /* AppDelegate.m */; };
		A0EA9DB222AD557A004F32C4 /* LaunchScreen.storyboard in Resources */ = {isa = PBXBuildFile; fileRef = A0EA9DB022AD557A004F32C4 /* LaunchScreen.storyboard */; };
		A0EA9DB522AD557A004F32C4 /* main.m in Sources */ = {isa = PBXBuildFile; fileRef = A0EA9DB422AD557A004F32C4 /* main.m */; };
		A0EA9DBD22AD568B004F32C4 /* Contacts.framework in Frameworks */ = {isa = PBXBuildFile; fileRef = A0EA9DBC22AD568B004F32C4 /* Contacts.framework */; };
		A0EA9DC422AD57C4004F32C4 /* RKContactsViewController.m in Sources */ = {isa = PBXBuildFile; fileRef = A0EA9DC222AD57C4004F32C4 /* RKContactsViewController.m */; };
		A0EA9DC522AD57C4004F32C4 /* RKContactsViewController.xib in Resources */ = {isa = PBXBuildFile; fileRef = A0EA9DC322AD57C4004F32C4 /* RKContactsViewController.xib */; };
		A0EA9DCA22AE6D68004F32C4 /* RKNavigationController.m in Sources */ = {isa = PBXBuildFile; fileRef = A0EA9DC922AE6D68004F32C4 /* RKNavigationController.m */; };
		A0EA9DD022AEA5EA004F32C4 /* ContactsData.m in Sources */ = {isa = PBXBuildFile; fileRef = A0EA9DCF22AEA5EA004F32C4 /* ContactsData.m */; };
		A0EA9DD322AEA7DC004F32C4 /* ContactsSource.m in Sources */ = {isa = PBXBuildFile; fileRef = A0EA9DD222AEA7DC004F32C4 /* ContactsSource.m */; };
		A0EA9DDF22AEFA2D004F32C4 /* ContactCell.m in Sources */ = {isa = PBXBuildFile; fileRef = A0EA9DDD22AEFA2D004F32C4 /* ContactCell.m */; };
		A0EA9DE022AEFA2D004F32C4 /* ContactCell.xib in Resources */ = {isa = PBXBuildFile; fileRef = A0EA9DDE22AEFA2D004F32C4 /* ContactCell.xib */; };
		A0EA9DE422AEFE71004F32C4 /* Assets.xcassets in Resources */ = {isa = PBXBuildFile; fileRef = A0EA9DE322AEFE71004F32C4 /* Assets.xcassets */; };
		A0EA9E0A22AF0C69004F32C4 /* AccesController.m in Sources */ = {isa = PBXBuildFile; fileRef = A0EA9E0822AF0C69004F32C4 /* AccesController.m */; };
		A0EA9E0B22AF0C69004F32C4 /* AccesController.xib in Resources */ = {isa = PBXBuildFile; fileRef = A0EA9E0922AF0C69004F32C4 /* AccesController.xib */; };
		A0EA9E0E22AF1098004F32C4 /* HeaderView.m in Sources */ = {isa = PBXBuildFile; fileRef = A0EA9E0D22AF1098004F32C4 /* HeaderView.m */; };
		A0EA9E1222AF160B004F32C4 /* HeaderView.xib in Resources */ = {isa = PBXBuildFile; fileRef = A0EA9E1122AF160B004F32C4 /* HeaderView.xib */; };
/* End PBXBuildFile section */

/* Begin PBXFileReference section */
		A0EA9DA222AD5578004F32C4 /* Task2.app */ = {isa = PBXFileReference; explicitFileType = wrapper.application; includeInIndex = 0; path = Task2.app; sourceTree = BUILT_PRODUCTS_DIR; };
		A0EA9DA522AD5578004F32C4 /* AppDelegate.h */ = {isa = PBXFileReference; lastKnownFileType = sourcecode.c.h; path = AppDelegate.h; sourceTree = "<group>"; };
		A0EA9DA622AD5578004F32C4 /* AppDelegate.m */ = {isa = PBXFileReference; lastKnownFileType = sourcecode.c.objc; path = AppDelegate.m; sourceTree = "<group>"; };
		A0EA9DB122AD557A004F32C4 /* Base */ = {isa = PBXFileReference; lastKnownFileType = file.storyboard; name = Base; path = Base.lproj/LaunchScreen.storyboard; sourceTree = "<group>"; };
		A0EA9DB322AD557A004F32C4 /* Info.plist */ = {isa = PBXFileReference; lastKnownFileType = text.plist.xml; path = Info.plist; sourceTree = "<group>"; };
		A0EA9DB422AD557A004F32C4 /* main.m */ = {isa = PBXFileReference; lastKnownFileType = sourcecode.c.objc; path = main.m; sourceTree = "<group>"; };
		A0EA9DBC22AD568B004F32C4 /* Contacts.framework */ = {isa = PBXFileReference; lastKnownFileType = wrapper.framework; name = Contacts.framework; path = System/Library/Frameworks/Contacts.framework; sourceTree = SDKROOT; };
		A0EA9DC122AD57C4004F32C4 /* RKContactsViewController.h */ = {isa = PBXFileReference; lastKnownFileType = sourcecode.c.h; path = RKContactsViewController.h; sourceTree = "<group>"; };
		A0EA9DC222AD57C4004F32C4 /* RKContactsViewController.m */ = {isa = PBXFileReference; lastKnownFileType = sourcecode.c.objc; path = RKContactsViewController.m; sourceTree = "<group>"; };
		A0EA9DC322AD57C4004F32C4 /* RKContactsViewController.xib */ = {isa = PBXFileReference; lastKnownFileType = file.xib; path = RKContactsViewController.xib; sourceTree = "<group>"; };
		A0EA9DC822AE6D68004F32C4 /* RKNavigationController.h */ = {isa = PBXFileReference; lastKnownFileType = sourcecode.c.h; path = RKNavigationController.h; sourceTree = "<group>"; };
		A0EA9DC922AE6D68004F32C4 /* RKNavigationController.m */ = {isa = PBXFileReference; lastKnownFileType = sourcecode.c.objc; path = RKNavigationController.m; sourceTree = "<group>"; };
		A0EA9DCE22AEA5EA004F32C4 /* ContactsData.h */ = {isa = PBXFileReference; lastKnownFileType = sourcecode.c.h; path = ContactsData.h; sourceTree = "<group>"; };
		A0EA9DCF22AEA5EA004F32C4 /* ContactsData.m */ = {isa = PBXFileReference; lastKnownFileType = sourcecode.c.objc; path = ContactsData.m; sourceTree = "<group>"; };
		A0EA9DD122AEA7DC004F32C4 /* ContactsSource.h */ = {isa = PBXFileReference; lastKnownFileType = sourcecode.c.h; path = ContactsSource.h; sourceTree = "<group>"; };
		A0EA9DD222AEA7DC004F32C4 /* ContactsSource.m */ = {isa = PBXFileReference; lastKnownFileType = sourcecode.c.objc; path = ContactsSource.m; sourceTree = "<group>"; };
		A0EA9DDC22AEFA2D004F32C4 /* ContactCell.h */ = {isa = PBXFileReference; lastKnownFileType = sourcecode.c.h; path = ContactCell.h; sourceTree = "<group>"; };
		A0EA9DDD22AEFA2D004F32C4 /* ContactCell.m */ = {isa = PBXFileReference; lastKnownFileType = sourcecode.c.objc; path = ContactCell.m; sourceTree = "<group>"; };
		A0EA9DDE22AEFA2D004F32C4 /* ContactCell.xib */ = {isa = PBXFileReference; lastKnownFileType = file.xib; path = ContactCell.xib; sourceTree = "<group>"; };
		A0EA9DE322AEFE71004F32C4 /* Assets.xcassets */ = {isa = PBXFileReference; lastKnownFileType = folder.assetcatalog; path = Assets.xcassets; sourceTree = "<group>"; };
		A0EA9E0722AF0C69004F32C4 /* AccesController.h */ = {isa = PBXFileReference; lastKnownFileType = sourcecode.c.h; path = AccesController.h; sourceTree = "<group>"; };
		A0EA9E0822AF0C69004F32C4 /* AccesController.m */ = {isa = PBXFileReference; lastKnownFileType = sourcecode.c.objc; path = AccesController.m; sourceTree = "<group>"; };
		A0EA9E0922AF0C69004F32C4 /* AccesController.xib */ = {isa = PBXFileReference; lastKnownFileType = file.xib; path = AccesController.xib; sourceTree = "<group>"; };
		A0EA9E0C22AF1098004F32C4 /* HeaderView.h */ = {isa = PBXFileReference; lastKnownFileType = sourcecode.c.h; path = HeaderView.h; sourceTree = "<group>"; };
		A0EA9E0D22AF1098004F32C4 /* HeaderView.m */ = {isa = PBXFileReference; lastKnownFileType = sourcecode.c.objc; path = HeaderView.m; sourceTree = "<group>"; };
		A0EA9E1122AF160B004F32C4 /* HeaderView.xib */ = {isa = PBXFileReference; lastKnownFileType = file.xib; path = HeaderView.xib; sourceTree = "<group>"; };
/* End PBXFileReference section */

/* Begin PBXFrameworksBuildPhase section */
		A0EA9D9F22AD5578004F32C4 /* Frameworks */ = {
			isa = PBXFrameworksBuildPhase;
			buildActionMask = 2147483647;
			files = (
				A0EA9DBD22AD568B004F32C4 /* Contacts.framework in Frameworks */,
			);
			runOnlyForDeploymentPostprocessing = 0;
		};
/* End PBXFrameworksBuildPhase section */

/* Begin PBXGroup section */
		A0EA9D9922AD5578004F32C4 = {
			isa = PBXGroup;
			children = (
				A0EA9DA422AD5578004F32C4 /* Task2 */,
				A0EA9DA322AD5578004F32C4 /* Products */,
				A0EA9DBB22AD568B004F32C4 /* Frameworks */,
			);
			sourceTree = "<group>";
		};
		A0EA9DA322AD5578004F32C4 /* Products */ = {
			isa = PBXGroup;
			children = (
				A0EA9DA222AD5578004F32C4 /* Task2.app */,
			);
			name = Products;
			sourceTree = "<group>";
		};
		A0EA9DA422AD5578004F32C4 /* Task2 */ = {
			isa = PBXGroup;
			children = (
				A0EA9DA522AD5578004F32C4 /* AppDelegate.h */,
				A0EA9E0C22AF1098004F32C4 /* HeaderView.h */,
				A0EA9E0D22AF1098004F32C4 /* HeaderView.m */,
				A0EA9E1122AF160B004F32C4 /* HeaderView.xib */,
				A0EA9DA622AD5578004F32C4 /* AppDelegate.m */,
				A0EA9DB022AD557A004F32C4 /* LaunchScreen.storyboard */,
				A0EA9DB322AD557A004F32C4 /* Info.plist */,
				A0EA9DB422AD557A004F32C4 /* main.m */,
				A0EA9DCD22AEA596004F32C4 /* ContactsSource */,
				A0EA9DC622AD57C9004F32C4 /* RootTableVC */,
				A0EA9DCB22AE6D75004F32C4 /* NavigationController */,
				A0EA9DE322AEFE71004F32C4 /* Assets.xcassets */,
				A0EA9E0722AF0C69004F32C4 /* AccesController.h */,
				A0EA9E0822AF0C69004F32C4 /* AccesController.m */,
				A0EA9E0922AF0C69004F32C4 /* AccesController.xib */,
			);
			path = Task2;
			sourceTree = "<group>";
		};
		A0EA9DBB22AD568B004F32C4 /* Frameworks */ = {
			isa = PBXGroup;
			children = (
				A0EA9DBC22AD568B004F32C4 /* Contacts.framework */,
			);
			name = Frameworks;
			sourceTree = "<group>";
		};
		A0EA9DC622AD57C9004F32C4 /* RootTableVC */ = {
			isa = PBXGroup;
			children = (
				A0EA9DCC22AE6E72004F32C4 /* Cells */,
				A0EA9DC122AD57C4004F32C4 /* RKContactsViewController.h */,
				A0EA9DC222AD57C4004F32C4 /* RKContactsViewController.m */,
				A0EA9DC322AD57C4004F32C4 /* RKContactsViewController.xib */,
			);
			path = RootTableVC;
			sourceTree = "<group>";
		};
		A0EA9DCB22AE6D75004F32C4 /* NavigationController */ = {
			isa = PBXGroup;
			children = (
				A0EA9DC822AE6D68004F32C4 /* RKNavigationController.h */,
				A0EA9DC922AE6D68004F32C4 /* RKNavigationController.m */,
			);
			path = NavigationController;
			sourceTree = "<group>";
		};
		A0EA9DCC22AE6E72004F32C4 /* Cells */ = {
			isa = PBXGroup;
			children = (
				A0EA9DDC22AEFA2D004F32C4 /* ContactCell.h */,
				A0EA9DDD22AEFA2D004F32C4 /* ContactCell.m */,
				A0EA9DDE22AEFA2D004F32C4 /* ContactCell.xib */,
			);
			path = Cells;
			sourceTree = "<group>";
		};
		A0EA9DCD22AEA596004F32C4 /* ContactsSource */ = {
			isa = PBXGroup;
			children = (
				A0EA9DD122AEA7DC004F32C4 /* ContactsSource.h */,
				A0EA9DD222AEA7DC004F32C4 /* ContactsSource.m */,
				A0EA9DCE22AEA5EA004F32C4 /* ContactsData.h */,
				A0EA9DCF22AEA5EA004F32C4 /* ContactsData.m */,
			);
			path = ContactsSource;
			sourceTree = "<group>";
		};
/* End PBXGroup section */

/* Begin PBXNativeTarget section */
		A0EA9DA122AD5578004F32C4 /* Task2 */ = {
			isa = PBXNativeTarget;
			buildConfigurationList = A0EA9DB822AD557A004F32C4 /* Build configuration list for PBXNativeTarget "Task2" */;
			buildPhases = (
				A0EA9D9E22AD5578004F32C4 /* Sources */,
				A0EA9D9F22AD5578004F32C4 /* Frameworks */,
				A0EA9DA022AD5578004F32C4 /* Resources */,
			);
			buildRules = (
			);
			dependencies = (
			);
			name = Task2;
			productName = Task2;
			productReference = A0EA9DA222AD5578004F32C4 /* Task2.app */;
			productType = "com.apple.product-type.application";
		};
/* End PBXNativeTarget section */

/* Begin PBXProject section */
		A0EA9D9A22AD5578004F32C4 /* Project object */ = {
			isa = PBXProject;
			attributes = {
				LastUpgradeCheck = 1020;
				ORGANIZATIONNAME = Roman;
				TargetAttributes = {
					A0EA9DA122AD5578004F32C4 = {
						CreatedOnToolsVersion = 10.2.1;
					};
				};
			};
			buildConfigurationList = A0EA9D9D22AD5578004F32C4 /* Build configuration list for PBXProject "Task2" */;
			compatibilityVersion = "Xcode 9.3";
			developmentRegion = en;
			hasScannedForEncodings = 0;
			knownRegions = (
				en,
				Base,
			);
			mainGroup = A0EA9D9922AD5578004F32C4;
			productRefGroup = A0EA9DA322AD5578004F32C4 /* Products */;
			projectDirPath = "";
			projectRoot = "";
			targets = (
				A0EA9DA122AD5578004F32C4 /* Task2 */,
			);
		};
/* End PBXProject section */

/* Begin PBXResourcesBuildPhase section */
		A0EA9DA022AD5578004F32C4 /* Resources */ = {
			isa = PBXResourcesBuildPhase;
			buildActionMask = 2147483647;
			files = (
				A0EA9DE022AEFA2D004F32C4 /* ContactCell.xib in Resources */,
				A0EA9DC522AD57C4004F32C4 /* RKContactsViewController.xib in Resources */,
				A0EA9DE422AEFE71004F32C4 /* Assets.xcassets in Resources */,
				A0EA9E1222AF160B004F32C4 /* HeaderView.xib in Resources */,
				A0EA9E0B22AF0C69004F32C4 /* AccesController.xib in Resources */,
				A0EA9DB222AD557A004F32C4 /* LaunchScreen.storyboard in Resources */,
			);
			runOnlyForDeploymentPostprocessing = 0;
		};
/* End PBXResourcesBuildPhase section */

/* Begin PBXSourcesBuildPhase section */
		A0EA9D9E22AD5578004F32C4 /* Sources */ = {
			isa = PBXSourcesBuildPhase;
			buildActionMask = 2147483647;
			files = (
				A0EA9DCA22AE6D68004F32C4 /* RKNavigationController.m in Sources */,
				A0EA9E0E22AF1098004F32C4 /* HeaderView.m in Sources */,
				A0EA9DC422AD57C4004F32C4 /* RKContactsViewController.m in Sources */,
				A0EA9DB522AD557A004F32C4 /* main.m in Sources */,
				A0EA9DD322AEA7DC004F32C4 /* ContactsSource.m in Sources */,
				A0EA9DA722AD5578004F32C4 /* AppDelegate.m in Sources */,
				A0EA9DDF22AEFA2D004F32C4 /* ContactCell.m in Sources */,
				A0EA9DD022AEA5EA004F32C4 /* ContactsData.m in Sources */,
				A0EA9E0A22AF0C69004F32C4 /* AccesController.m in Sources */,
			);
			runOnlyForDeploymentPostprocessing = 0;
		};
/* End PBXSourcesBuildPhase section */

/* Begin PBXVariantGroup section */
		A0EA9DB022AD557A004F32C4 /* LaunchScreen.storyboard */ = {
			isa = PBXVariantGroup;
			children = (
				A0EA9DB122AD557A004F32C4 /* Base */,
			);
			name = LaunchScreen.storyboard;
			sourceTree = "<group>";
		};
/* End PBXVariantGroup section */

/* Begin XCBuildConfiguration section */
		A0EA9DB622AD557A004F32C4 /* Debug */ = {
			isa = XCBuildConfiguration;
			buildSettings = {
				ALWAYS_SEARCH_USER_PATHS = NO;
				CLANG_ANALYZER_NONNULL = YES;
				CLANG_ANALYZER_NUMBER_OBJECT_CONVERSION = YES_AGGRESSIVE;
				CLANG_CXX_LANGUAGE_STANDARD = "gnu++14";
				CLANG_CXX_LIBRARY = "libc++";
				CLANG_ENABLE_MODULES = YES;
				CLANG_ENABLE_OBJC_ARC = YES;
				CLANG_ENABLE_OBJC_WEAK = YES;
				CLANG_WARN_BLOCK_CAPTURE_AUTORELEASING = YES;
				CLANG_WARN_BOOL_CONVERSION = YES;
				CLANG_WARN_COMMA = YES;
				CLANG_WARN_CONSTANT_CONVERSION = YES;
				CLANG_WARN_DEPRECATED_OBJC_IMPLEMENTATIONS = YES;
				CLANG_WARN_DIRECT_OBJC_ISA_USAGE = YES_ERROR;
				CLANG_WARN_DOCUMENTATION_COMMENTS = YES;
				CLANG_WARN_EMPTY_BODY = YES;
				CLANG_WARN_ENUM_CONVERSION = YES;
				CLANG_WARN_INFINITE_RECURSION = YES;
				CLANG_WARN_INT_CONVERSION = YES;
				CLANG_WARN_NON_LITERAL_NULL_CONVERSION = YES;
				CLANG_WARN_OBJC_IMPLICIT_RETAIN_SELF = YES;
				CLANG_WARN_OBJC_LITERAL_CONVERSION = YES;
				CLANG_WARN_OBJC_ROOT_CLASS = YES_ERROR;
				CLANG_WARN_RANGE_LOOP_ANALYSIS = YES;
				CLANG_WARN_STRICT_PROTOTYPES = YES;
				CLANG_WARN_SUSPICIOUS_MOVE = YES;
				CLANG_WARN_UNGUARDED_AVAILABILITY = YES_AGGRESSIVE;
				CLANG_WARN_UNREACHABLE_CODE = YES;
				CLANG_WARN__DUPLICATE_METHOD_MATCH = YES;
				CODE_SIGN_IDENTITY = "iPhone Developer";
				COPY_PHASE_STRIP = NO;
				DEBUG_INFORMATION_FORMAT = dwarf;
				ENABLE_STRICT_OBJC_MSGSEND = YES;
				ENABLE_TESTABILITY = YES;
				GCC_C_LANGUAGE_STANDARD = gnu11;
				GCC_DYNAMIC_NO_PIC = NO;
				GCC_NO_COMMON_BLOCKS = YES;
				GCC_OPTIMIZATION_LEVEL = 0;
				GCC_PREPROCESSOR_DEFINITIONS = (
					"DEBUG=1",
					"$(inherited)",
				);
				GCC_WARN_64_TO_32_BIT_CONVERSION = YES;
				GCC_WARN_ABOUT_RETURN_TYPE = YES_ERROR;
				GCC_WARN_UNDECLARED_SELECTOR = YES;
				GCC_WARN_UNINITIALIZED_AUTOS = YES_AGGRESSIVE;
				GCC_WARN_UNUSED_FUNCTION = YES;
				GCC_WARN_UNUSED_VARIABLE = YES;
				IPHONEOS_DEPLOYMENT_TARGET = 12.2;
				MTL_ENABLE_DEBUG_INFO = INCLUDE_SOURCE;
				MTL_FAST_MATH = YES;
				ONLY_ACTIVE_ARCH = YES;
				SDKROOT = iphoneos;
			};
			name = Debug;
		};
		A0EA9DB722AD557A004F32C4 /* Release */ = {
			isa = XCBuildConfiguration;
			buildSettings = {
				ALWAYS_SEARCH_USER_PATHS = NO;
				CLANG_ANALYZER_NONNULL = YES;
				CLANG_ANALYZER_NUMBER_OBJECT_CONVERSION = YES_AGGRESSIVE;
				CLANG_CXX_LANGUAGE_STANDARD = "gnu++14";
				CLANG_CXX_LIBRARY = "libc++";
				CLANG_ENABLE_MODULES = YES;
				CLANG_ENABLE_OBJC_ARC = YES;
				CLANG_ENABLE_OBJC_WEAK = YES;
				CLANG_WARN_BLOCK_CAPTURE_AUTORELEASING = YES;
				CLANG_WARN_BOOL_CONVERSION = YES;
				CLANG_WARN_COMMA = YES;
				CLANG_WARN_CONSTANT_CONVERSION = YES;
				CLANG_WARN_DEPRECATED_OBJC_IMPLEMENTATIONS = YES;
				CLANG_WARN_DIRECT_OBJC_ISA_USAGE = YES_ERROR;
				CLANG_WARN_DOCUMENTATION_COMMENTS = YES;
				CLANG_WARN_EMPTY_BODY = YES;
				CLANG_WARN_ENUM_CONVERSION = YES;
				CLANG_WARN_INFINITE_RECURSION = YES;
				CLANG_WARN_INT_CONVERSION = YES;
				CLANG_WARN_NON_LITERAL_NULL_CONVERSION = YES;
				CLANG_WARN_OBJC_IMPLICIT_RETAIN_SELF = YES;
				CLANG_WARN_OBJC_LITERAL_CONVERSION = YES;
				CLANG_WARN_OBJC_ROOT_CLASS = YES_ERROR;
				CLANG_WARN_RANGE_LOOP_ANALYSIS = YES;
				CLANG_WARN_STRICT_PROTOTYPES = YES;
				CLANG_WARN_SUSPICIOUS_MOVE = YES;
				CLANG_WARN_UNGUARDED_AVAILABILITY = YES_AGGRESSIVE;
				CLANG_WARN_UNREACHABLE_CODE = YES;
				CLANG_WARN__DUPLICATE_METHOD_MATCH = YES;
				CODE_SIGN_IDENTITY = "iPhone Developer";
				COPY_PHASE_STRIP = NO;
				DEBUG_INFORMATION_FORMAT = "dwarf-with-dsym";
				ENABLE_NS_ASSERTIONS = NO;
				ENABLE_STRICT_OBJC_MSGSEND = YES;
				GCC_C_LANGUAGE_STANDARD = gnu11;
				GCC_NO_COMMON_BLOCKS = YES;
				GCC_WARN_64_TO_32_BIT_CONVERSION = YES;
				GCC_WARN_ABOUT_RETURN_TYPE = YES_ERROR;
				GCC_WARN_UNDECLARED_SELECTOR = YES;
				GCC_WARN_UNINITIALIZED_AUTOS = YES_AGGRESSIVE;
				GCC_WARN_UNUSED_FUNCTION = YES;
				GCC_WARN_UNUSED_VARIABLE = YES;
				IPHONEOS_DEPLOYMENT_TARGET = 12.2;
				MTL_ENABLE_DEBUG_INFO = NO;
				MTL_FAST_MATH = YES;
				SDKROOT = iphoneos;
				VALIDATE_PRODUCT = YES;
			};
			name = Release;
		};
		A0EA9DB922AD557A004F32C4 /* Debug */ = {
			isa = XCBuildConfiguration;
			buildSettings = {
				ASSETCATALOG_COMPILER_APPICON_NAME = AppIcon;
				CODE_SIGN_STYLE = Automatic;
				DEVELOPMENT_TEAM = HJSF27K7R5;
				INFOPLIST_FILE = Task2/Info.plist;
				LD_RUNPATH_SEARCH_PATHS = (
					"$(inherited)",
					"@executable_path/Frameworks",
				);
				PRODUCT_BUNDLE_IDENTIFIER = KananovichRoman.Task2;
				PRODUCT_NAME = "$(TARGET_NAME)";
				TARGETED_DEVICE_FAMILY = "1,2";
			};
			name = Debug;
		};
		A0EA9DBA22AD557A004F32C4 /* Release */ = {
			isa = XCBuildConfiguration;
			buildSettings = {
				ASSETCATALOG_COMPILER_APPICON_NAME = AppIcon;
				CODE_SIGN_STYLE = Automatic;
				DEVELOPMENT_TEAM = HJSF27K7R5;
				INFOPLIST_FILE = Task2/Info.plist;
				LD_RUNPATH_SEARCH_PATHS = (
					"$(inherited)",
					"@executable_path/Frameworks",
				);
				PRODUCT_BUNDLE_IDENTIFIER = KananovichRoman.Task2;
				PRODUCT_NAME = "$(TARGET_NAME)";
				TARGETED_DEVICE_FAMILY = "1,2";
			};
			name = Release;
		};
/* End XCBuildConfiguration section */

/* Begin XCConfigurationList section */
		A0EA9D9D22AD5578004F32C4 /* Build configuration list for PBXProject "Task2" */ = {
			isa = XCConfigurationList;
			buildConfigurations = (
				A0EA9DB622AD557A004F32C4 /* Debug */,
				A0EA9DB722AD557A004F32C4 /* Release */,
			);
			defaultConfigurationIsVisible = 0;
			defaultConfigurationName = Release;
		};
		A0EA9DB822AD557A004F32C4 /* Build configuration list for PBXNativeTarget "Task2" */ = {
			isa = XCConfigurationList;
			buildConfigurations = (
				A0EA9DB922AD557A004F32C4 /* Debug */,
				A0EA9DBA22AD557A004F32C4 /* Release */,
			);
			defaultConfigurationIsVisible = 0;
			defaultConfigurationName = Release;
		};
/* End XCConfigurationList section */
	};
	rootObject = A0EA9D9A22AD5578004F32C4 /* Project object */;
}
